<Solution>
  <Folder Name="/Solution Items/">
    <File Path="Directory.Build.props" />
  </Folder>
  <Folder Name="/src/">
    <Project Path="src/ERPDetektiv.Application/ERPDetektiv.Application.csproj" />
    <Project Path="src/ERPDetektiv.Checks/ERPDetektiv.Checks.csproj" />
    <Project Path="src/ERPDetektiv.Cli/ERPDetektiv.Cli.csproj" />
    <Project Path="src/ERPDetektiv.Contracts/ERPDetektiv.Contracts.csproj" />
    <Project Path="src/ERPDetektiv.Core/ERPDetektiv.Core.csproj" />
    <Project Path="src/ERPDetektiv.Gui/ERPDetektiv.Gui.csproj" />
    <Project Path="src/ERPDetektiv.Platform/ERPDetektiv.Platform.csproj" />
    <Project Path="src/ERPDetektiv.Sage100/ERPDetektiv.Sage100.csproj" />
    <Project Path="src/ERPDetektiv.SqlServer/ERPDetektiv.SqlServer.csproj" />
    <Project Path="src/ERPDetektiv.Windows/ERPDetektiv.Windows.csproj" />
  </Folder>
  <Folder Name="/tests/">
    <Project Path="tests/ERPDetektiv.Tests/ERPDetektiv.Tests.csproj" />
  </Folder>
</Solution>
